
Microsoft Visual Studio Solution File, Format Version 12.00
# Visual Studio Version 17
VisualStudioVersion = 17.2.32505.173
MinimumVisualStudioVersion = 10.0.40219.1
Project("{FAE04EC0-301F-11D3-BF4B-00C04F79EFBC}") = "DemoMinimalApi", "DemoMinimalApi.csproj", "{4E06FD9E-C9F3-41FD-B014-1EDA50D571AB}"
EndProject
Global
	GlobalSection(SolutionConfigurationPlatforms) = preSolution
		Debug|Any CPU = Debug|Any CPU
		Release|Any CPU = Release|Any CPU
	EndGlobalSection
	GlobalSection(ProjectConfigurationPlatforms) = postSolution
		{4E06FD9E-C9F3-41FD-B014-1EDA50D571AB}.Debug|Any CPU.ActiveCfg = Debug|Any CPU
		{4E06FD9E-C9F3-41FD-B014-1EDA50D571AB}.Debug|Any CPU.Build.0 = Debug|Any CPU
		{4E06FD9E-C9F3-41FD-B014-1EDA50D571AB}.Release|Any CPU.ActiveCfg = Release|Any CPU
		{4E06FD9E-C9F3-41FD-B014-1EDA50D571AB}.Release|Any CPU.Build.0 = Release|Any CPU
	EndGlobalSection
	GlobalSection(SolutionProperties) = preSolution
		HideSolutionNode = FALSE
	EndGlobalSection
	GlobalSection(ExtensibilityGlobals) = postSolution
		SolutionGuid = {C434E7A8-336A-40EE-A006-B187678A7CD1}
	EndGlobalSection
EndGlobal
